
Microsoft Visual Studio Solution File, Format Version 12.00
# Visual Studio Version 17
VisualStudioVersion = 17.2.32526.322
MinimumVisualStudioVersion = 10.0.40219.1
Project("{FAE04EC0-301F-11D3-BF4B-00C04F79EFBC}") = "Gomoku", "Gomoku\Gomoku.csproj", "{8BD14FF3-8364-4E1F-9B13-6F6710A13620}"
EndProject
Project("{FAE04EC0-301F-11D3-BF4B-00C04F79EFBC}") = "Gomoku.Logic", "Gomoku.Logic\Gomoku.Logic.csproj", "{46C99B4F-FB7F-4165-A1C9-1B6C78E0FFB7}"
EndProject
Global
	GlobalSection(SolutionConfigurationPlatforms) = preSolution
		Debug|Any CPU = Debug|Any CPU
		Release|Any CPU = Release|Any CPU
	EndGlobalSection
	GlobalSection(ProjectConfigurationPlatforms) = postSolution
		{8BD14FF3-8364-4E1F-9B13-6F6710A13620}.Debug|Any CPU.ActiveCfg = Debug|Any CPU
		{8BD14FF3-8364-4E1F-9B13-6F6710A13620}.Debug|Any CPU.Build.0 = Debug|Any CPU
		{8BD14FF3-8364-4E1F-9B13-6F6710A13620}.Release|Any CPU.ActiveCfg = Release|Any CPU
		{8BD14FF3-8364-4E1F-9B13-6F6710A13620}.Release|Any CPU.Build.0 = Release|Any CPU
		{46C99B4F-FB7F-4165-A1C9-1B6C78E0FFB7}.Debug|Any CPU.ActiveCfg = Debug|Any CPU
		{46C99B4F-FB7F-4165-A1C9-1B6C78E0FFB7}.Debug|Any CPU.Build.0 = Debug|Any CPU
		{46C99B4F-FB7F-4165-A1C9-1B6C78E0FFB7}.Release|Any CPU.ActiveCfg = Release|Any CPU
		{46C99B4F-FB7F-4165-A1C9-1B6C78E0FFB7}.Release|Any CPU.Build.0 = Release|Any CPU
	EndGlobalSection
	GlobalSection(SolutionProperties) = preSolution
		HideSolutionNode = FALSE
	EndGlobalSection
	GlobalSection(ExtensibilityGlobals) = postSolution
		SolutionGuid = {362C33C3-A79F-4B56-BCF3-25880BD59844}
	EndGlobalSection
EndGlobal
